
Microsoft Visual Studio Solution File, Format Version 12.00
# Visual Studio 15
VisualStudioVersion = 15.0.27703.2000
MinimumVisualStudioVersion = 10.0.40219.1
Project("{FAE04EC0-301F-11D3-BF4B-00C04F79EFBC}") = "Class Relax", "Class Relax\Class Relax.csproj", "{F1A4D7E9-65F1-4740-8CF7-13C73D1E4969}"
EndProject
Project("{FAE04EC0-301F-11D3-BF4B-00C04F79EFBC}") = "Class Relax.Tests", "Class Relax.Tests\Class Relax.Tests.csproj", "{13CEAC7E-E393-4B10-B261-8FFB83A4EE65}"
EndProject
Global
	GlobalSection(SolutionConfigurationPlatforms) = preSolution
		Debug|Any CPU = Debug|Any CPU
		Release|Any CPU = Release|Any CPU
	EndGlobalSection
	GlobalSection(ProjectConfigurationPlatforms) = postSolution
		{F1A4D7E9-65F1-4740-8CF7-13C73D1E4969}.Debug|Any CPU.ActiveCfg = Debug|Any CPU
		{F1A4D7E9-65F1-4740-8CF7-13C73D1E4969}.Debug|Any CPU.Build.0 = Debug|Any CPU
		{F1A4D7E9-65F1-4740-8CF7-13C73D1E4969}.Release|Any CPU.ActiveCfg = Release|Any CPU
		{F1A4D7E9-65F1-4740-8CF7-13C73D1E4969}.Release|Any CPU.Build.0 = Release|Any CPU
		{13CEAC7E-E393-4B10-B261-8FFB83A4EE65}.Debug|Any CPU.ActiveCfg = Debug|Any CPU
		{13CEAC7E-E393-4B10-B261-8FFB83A4EE65}.Debug|Any CPU.Build.0 = Debug|Any CPU
		{13CEAC7E-E393-4B10-B261-8FFB83A4EE65}.Release|Any CPU.ActiveCfg = Release|Any CPU
		{13CEAC7E-E393-4B10-B261-8FFB83A4EE65}.Release|Any CPU.Build.0 = Release|Any CPU
	EndGlobalSection
	GlobalSection(SolutionProperties) = preSolution
		HideSolutionNode = FALSE
	EndGlobalSection
	GlobalSection(ExtensibilityGlobals) = postSolution
		SolutionGuid = {F6DCC35B-478E-46AA-AA06-B6BE823D0A4D}
	EndGlobalSection
EndGlobal
